
Microsoft Visual Studio Solution File, Format Version 12.00
# Visual Studio 15
VisualStudioVersion = 15.0.26430.12
MinimumVisualStudioVersion = 10.0.40219.1
Project("{E24C65DC-7377-472B-9ABA-BC803B73C61A}") = "angular-seed", "..\..\angular-seed\", "{A148915C-6D25-4B40-BD5E-931D7B535505}"
	ProjectSection(WebsiteProperties) = preProject
		TargetFrameworkMoniker = ".NETFramework,Version%3Dv4.0"
		Debug.AspNetCompiler.VirtualPath = "/localhost_62055"
		Debug.AspNetCompiler.PhysicalPath = "..\..\angular-seed\"
		Debug.AspNetCompiler.TargetPath = "PrecompiledWeb\localhost_62055\"
		Debug.AspNetCompiler.Updateable = "true"
		Debug.AspNetCompiler.ForceOverwrite = "true"
		Debug.AspNetCompiler.FixedNames = "false"
		Debug.AspNetCompiler.Debug = "True"
		Release.AspNetCompiler.VirtualPath = "/localhost_62055"
		Release.AspNetCompiler.PhysicalPath = "..\..\angular-seed\"
		Release.AspNetCompiler.TargetPath = "PrecompiledWeb\localhost_62055\"
		Release.AspNetCompiler.Updateable = "true"
		Release.AspNetCompiler.ForceOverwrite = "true"
		Release.AspNetCompiler.FixedNames = "false"
		Release.AspNetCompiler.Debug = "False"
		VWDPort = "62055"
		SlnRelativePath = "..\..\angular-seed\"
	EndProjectSection
EndProject
Global
	GlobalSection(SolutionConfigurationPlatforms) = preSolution
		Debug|Any CPU = Debug|Any CPU
	EndGlobalSection
	GlobalSection(ProjectConfigurationPlatforms) = postSolution
		{A148915C-6D25-4B40-BD5E-931D7B535505}.Debug|Any CPU.ActiveCfg = Debug|Any CPU
		{A148915C-6D25-4B40-BD5E-931D7B535505}.Debug|Any CPU.Build.0 = Debug|Any CPU
	EndGlobalSection
	GlobalSection(SolutionProperties) = preSolution
		HideSolutionNode = FALSE
	EndGlobalSection
EndGlobal
